# THIS IS AN AUTOGENERATED FILE. DO NOT EDIT THIS FILE DIRECTLY.
# yarn lockfile v1


"@haiku/core@^5.1.2":
  version "5.1.2"
  resolved "https://registry.yarnpkg.com/@haiku/core/-/core-5.1.2.tgz#cec86310d9ba6b50b2aa202572c9c6da26e67022"
  integrity sha512-Ty/GXpSxj+3Oro4LY9gV7tTX0ArJACe9XjWMsRHba2VW5qvhrMR1598lkxEWgZfK5409D/7dYZMqsmsPifJBbQ==
